
Microsoft Visual Studio Solution File, Format Version 12.00
# Visual Studio Version 16
VisualStudioVersion = 16.0.29418.71
MinimumVisualStudioVersion = 10.0.40219.1
Project("{FAE04EC0-301F-11D3-BF4B-00C04F79EFBC}") = "Guestbook", "Guestbook\Guestbook.csproj", "{DA6BD93F-F8F6-432A-8B96-7852FFE12E7F}"
EndProject
Global
	GlobalSection(SolutionConfigurationPlatforms) = preSolution
		Debug|Any CPU = Debug|Any CPU
		Release|Any CPU = Release|Any CPU
	EndGlobalSection
	GlobalSection(ProjectConfigurationPlatforms) = postSolution
		{DA6BD93F-F8F6-432A-8B96-7852FFE12E7F}.Debug|Any CPU.ActiveCfg = Debug|Any CPU
		{DA6BD93F-F8F6-432A-8B96-7852FFE12E7F}.Debug|Any CPU.Build.0 = Debug|Any CPU
		{DA6BD93F-F8F6-432A-8B96-7852FFE12E7F}.Release|Any CPU.ActiveCfg = Release|Any CPU
		{DA6BD93F-F8F6-432A-8B96-7852FFE12E7F}.Release|Any CPU.Build.0 = Release|Any CPU
	EndGlobalSection
	GlobalSection(SolutionProperties) = preSolution
		HideSolutionNode = FALSE
	EndGlobalSection
	GlobalSection(ExtensibilityGlobals) = postSolution
		SolutionGuid = {2540CBE4-580A-46B5-B4C1-D29C5534FB63}
	EndGlobalSection
EndGlobal
